# THIS IS AN AUTOGENERATED FILE. DO NOT EDIT THIS FILE DIRECTLY.
# yarn lockfile v1


JSONStream@~0.4.3:
  version "0.4.4"
  resolved "https://registry.yarnpkg.com/JSONStream/-/JSONStream-0.4.4.tgz#cc2cf119286c45be150423cbc128d480e9b54ae2"
  dependencies:
    jsonparse "0.0.5"

abbrev@1:
  version "1.1.0"
  resolved "https://registry.yarnpkg.com/abbrev/-/abbrev-1.1.0.tgz#d0554c2256636e2f56e7c2e5ad183f859428d81f"

amdefine@>=0.0.4:
  version "1.0.1"
  resolved "https://registry.yarnpkg.com/amdefine/-/amdefine-1.0.1.tgz#4a5282ac164729e93619bcfd3ad151f817ce91f5"

"argparse@~ 0.1.11":
  version "0.1.16"
  resolved "https://registry.yarnpkg.com/argparse/-/argparse-0.1.16.tgz#cfd01e0fbba3d6caed049fbd758d40f65196f57c"
  dependencies:
    underscore "~1.7.0"
    underscore.string "~2.4.0"

astw@~0.0.0:
  version "0.0.0"
  resolved "https://registry.yarnpkg.com/astw/-/astw-0.0.0.tgz#4490866a3ef116aaf91adba63ca7ddf70b6d59bd"
  dependencies:
    esprima "1.0.2"

async@~0.1.22:
  version "0.1.22"
  resolved "https://registry.yarnpkg.com/async/-/async-0.1.22.tgz#0fc1aaa088a0e3ef0ebe2d8831bab0dcf8845061"

base64-js@0.0.2:
  version "0.0.2"
  resolved "https://registry.yarnpkg.com/base64-js/-/base64-js-0.0.2.tgz#024f0f72afa25b75f9c0ee73cd4f55ec1bed9784"

batch@0.5.0:
  version "0.5.0"
  resolved "https://registry.yarnpkg.com/batch/-/batch-0.5.0.tgz#fd2e05a7a5d696b4db9314013e285d8ff3557ec3"

bindings@^1.2.1:
  version "1.2.1"
  resolved "https://registry.yarnpkg.com/bindings/-/bindings-1.2.1.tgz#14ad6113812d2d37d72e67b4cacb4bb726505f11"

browser-pack@~0.7.0:
  version "0.7.1"
  resolved "https://registry.yarnpkg.com/browser-pack/-/browser-pack-0.7.1.tgz#76ea19aeb41752c9abd9f4b700017b375457f709"
  dependencies:
    JSONStream "~0.4.3"
    combine-source-map "~0.1.1"
    duplexer "~0.0.3"
    through "~2.2.0"
    uglify-js "1.3.4"

browser-resolve@~0.1.0, browser-resolve@~0.1.1:
  version "0.1.1"
  resolved "https://registry.yarnpkg.com/browser-resolve/-/browser-resolve-0.1.1.tgz#31dadaf32164905ff142eebb8ced14e7d5fe6baf"
  dependencies:
    buffer-browserify "0.0.5"
    console-browserify "0.1.6"
    crypto-browserify "0.2.1"
    http-browserify "0.1.11"
    resolve "0.3.1"
    vm-browserify "0.0.1"
    zlib-browserify "0.0.1"

browserify@~2.11.0:
  version "2.11.0"
  resolved "https://registry.yarnpkg.com/browserify/-/browserify-2.11.0.tgz#36fc4d2f83a8c611ee0a821ab35a141ea65c7c84"
  dependencies:
    JSONStream "~0.4.3"
    browser-pack "~0.7.0"
    browser-resolve "~0.1.1"
    concat-stream "~0.1.1"
    duplexer "~0.0.2"
    inherits "~1.0.0"
    insert-module-globals "~0.2.0"
    module-deps "~0.6.0"
    optimist "~0.3.5"
    shell-quote "~0.0.1"
    syntax-error "~0.0.0"
    through "~2.2.0"
    umd "~1.1.0"

buffer-browserify@0.0.5:
  version "0.0.5"
  resolved "https://registry.yarnpkg.com/buffer-browserify/-/buffer-browserify-0.0.5.tgz#8aa68631c8a8829c6a4ee7ef9a3ac7f2c31e983e"
  dependencies:
    base64-js "0.0.2"

buffer-crc32@0.2.1:
  version "0.2.1"
  resolved "https://registry.yarnpkg.com/buffer-crc32/-/buffer-crc32-0.2.1.tgz#be3e5382fc02b6d6324956ac1af98aa98b08534c"

bytes@0.2.1, bytes@~0.2.1:
  version "0.2.1"
  resolved "https://registry.yarnpkg.com/bytes/-/bytes-0.2.1.tgz#555b08abcb063f8975905302523e4cd4ffdfdf31"

callsite@~1.0.0:
  version "1.0.0"
  resolved "https://registry.yarnpkg.com/callsite/-/callsite-1.0.0.tgz#280398e5d664bd74038b6f0905153e6e8af1bc20"

coffee-script@~1.3.3:
  version "1.3.3"
  resolved "https://registry.yarnpkg.com/coffee-script/-/coffee-script-1.3.3.tgz#150d6b4cb522894369efed6a2101c20bc7f4a4f4"

coffee-script@~1.6.1, coffee-script@~1.6.2, coffee-script@~1.6.3:
  version "1.6.3"
  resolved "https://registry.yarnpkg.com/coffee-script/-/coffee-script-1.6.3.tgz#6355d32cf1b04cdff6b484e5e711782b2f0c39be"

coffeeify@~0.4.0:
  version "0.4.1"
  resolved "https://registry.yarnpkg.com/coffeeify/-/coffeeify-0.4.1.tgz#68dc6fcc30ace4dffb6838baedd71555df99a31a"
  dependencies:
    coffee-script "~1.6.2"
    convert-source-map "~0.2.1"
    through "~2.2.0"

colors@~0.6.2:
  version "0.6.2"
  resolved "https://registry.yarnpkg.com/colors/-/colors-0.6.2.tgz#2423fe6678ac0c5dae8852e5d0e5be08c997abcc"

combine-source-map@~0.1.1:
  version "0.1.3"
  resolved "https://registry.yarnpkg.com/combine-source-map/-/combine-source-map-0.1.3.tgz#ddb7593a0f1672b88212702250147bc4e9ea95cf"
  dependencies:
    convert-source-map "~0.2.3"
    inline-source-map "~0.2.1"
    parse-base64vlq-mappings "~0.1.1"

commander@0.6.1:
  version "0.6.1"
  resolved "https://registry.yarnpkg.com/commander/-/commander-0.6.1.tgz#fa68a14f6a945d54dbbe50d8cdb3320e9e3b1a06"

commander@1.3.2:
  version "1.3.2"
  resolved "https://registry.yarnpkg.com/commander/-/commander-1.3.2.tgz#8a8f30ec670a6fdd64af52f1914b907d79ead5b5"
  dependencies:
    keypress "0.1.x"

commander@~2.1.0:
  version "2.1.0"
  resolved "https://registry.yarnpkg.com/commander/-/commander-2.1.0.tgz#d121bbae860d9992a3d517ba96f56588e47c6781"

commondir@~0.0.1:
  version "0.0.2"
  resolved "https://registry.yarnpkg.com/commondir/-/commondir-0.0.2.tgz#c49c8880c6fe96844bb3525dd2e7314050c389ee"

concat-stream@0.0.8:
  version "0.0.8"
  resolved "https://registry.yarnpkg.com/concat-stream/-/concat-stream-0.0.8.tgz#a7ea79d0ccb0b40499091db930050fb304f62d7d"

concat-stream@~0.1.1:
  version "0.1.1"
  resolved "https://registry.yarnpkg.com/concat-stream/-/concat-stream-0.1.1.tgz#d7f4e278b90cfc4f0f3ef77fe4c03b40eb3f7900"

connect@2.12.0:
  version "2.12.0"
  resolved "https://registry.yarnpkg.com/connect/-/connect-2.12.0.tgz#31d8fa0dcacdf1908d822bd2923be8a2d2a7ed9a"
  dependencies:
    batch "0.5.0"
    buffer-crc32 "0.2.1"
    bytes "0.2.1"
    cookie "0.1.0"
    cookie-signature "1.0.1"
    debug ">= 0.7.3 < 1"
    fresh "0.2.0"
    methods "0.1.0"
    multiparty "2.2.0"
    negotiator "0.3.0"
    pause "0.0.1"
    qs "0.6.6"
    raw-body "1.1.2"
    send "0.1.4"
    uid2 "0.0.3"

console-browserify@0.1.6:
  version "0.1.6"
  resolved "https://registry.yarnpkg.com/console-browserify/-/console-browserify-0.1.6.tgz#d128a3c0bb88350eb5626c6e7c71a6f0fd48983c"

convert-source-map@~0.2.1, convert-source-map@~0.2.3:
  version "0.2.6"
  resolved "https://registry.yarnpkg.com/convert-source-map/-/convert-source-map-0.2.6.tgz#ae0ed736e8a6344a58b50a894723de5c851de2d4"

cookie-cutter@~0.1.0:
  version "0.1.1"
  resolved "https://registry.yarnpkg.com/cookie-cutter/-/cookie-cutter-0.1.1.tgz#4503fd9dd35ec7000ce945ef9cca31d75fe9ccea"

cookie-signature@1.0.1:
  version "1.0.1"
  resolved "https://registry.yarnpkg.com/cookie-signature/-/cookie-signature-1.0.1.tgz#44e072148af01e6e8e24afbf12690d68ae698ecb"

cookie@0.1.0:
  version "0.1.0"
  resolved "https://registry.yarnpkg.com/cookie/-/cookie-0.1.0.tgz#90eb469ddce905c866de687efc43131d8801f9d0"

core-util-is@~1.0.0:
  version "1.0.2"
  resolved "https://registry.yarnpkg.com/core-util-is/-/core-util-is-1.0.2.tgz#b5fd54220aa2bc5ab57aab7140c940754503c1a7"

corslite@0.0.6:
  version "0.0.6"
  resolved "https://registry.yarnpkg.com/corslite/-/corslite-0.0.6.tgz#622954e14c33852123c4c68fa3deffa9e2d1c896"

crypto-browserify@0.2.1:
  version "0.2.1"
  resolved "https://registry.yarnpkg.com/crypto-browserify/-/crypto-browserify-0.2.1.tgz#303ed9046f8604a3d7c35ec4a6d46d2268712078"

dateformat@1.0.2-1.2.3:
  version "1.0.2-1.2.3"
  resolved "https://registry.yarnpkg.com/dateformat/-/dateformat-1.0.2-1.2.3.tgz#b0220c02de98617433b72851cf47de3df2cdbee9"

debug@*:
  version "2.6.4"
  resolved "https://registry.yarnpkg.com/debug/-/debug-2.6.4.tgz#7586a9b3c39741c0282ae33445c4e8ac74734fe0"
  dependencies:
    ms "0.7.3"

"debug@>= 0.7.3 < 1":
  version "0.8.1"
  resolved "https://registry.yarnpkg.com/debug/-/debug-0.8.1.tgz#20ff4d26f5e422cb68a1bacbbb61039ad8c1c130"

debug@~0.7.0:
  version "0.7.4"
  resolved "https://registry.yarnpkg.com/debug/-/debug-0.7.4.tgz#06e1ea8082c2cb14e39806e22e2f6f757f92af39"

detective@~2.1.1:
  version "2.1.2"
  resolved "https://registry.yarnpkg.com/detective/-/detective-2.1.2.tgz#d22ad9f18c82efb3f55fee2e244883da6bbb8e37"
  dependencies:
    escodegen "0.0.15"
    esprima "1.0.2"

diff@1.0.7:
  version "1.0.7"
  resolved "https://registry.yarnpkg.com/diff/-/diff-1.0.7.tgz#24bbb001c4a7d5522169e7cabdb2c2814ed91cf4"

domready@~0.2.12:
  version "0.2.13"
  resolved "https://registry.yarnpkg.com/domready/-/domready-0.2.13.tgz#5ec8340b5ee5f76ad72fd32007cfb5d38a2cd361"

double-ended-queue@^2.1.0-0:
  version "2.1.0-0"
  resolved "https://registry.yarnpkg.com/double-ended-queue/-/double-ended-queue-2.1.0-0.tgz#103d3527fd31528f40188130c841efdd78264e5c"

duplexer@~0.0.2, duplexer@~0.0.3:
  version "0.0.4"
  resolved "https://registry.yarnpkg.com/duplexer/-/duplexer-0.0.4.tgz#afcb7f1f8b8d74f820726171d5d64ac9e4a8ff20"

escodegen@0.0.15:
  version "0.0.15"
  resolved "https://registry.yarnpkg.com/escodegen/-/escodegen-0.0.15.tgz#ffda9cb26b70b34f7cc19f1d88756539afb543bd"
  dependencies:
    esprima ">= 1.0.0"
  optionalDependencies:
    source-map ">= 0.1.2"

esprima@1.0.2:
  version "1.0.2"
  resolved "https://registry.yarnpkg.com/esprima/-/esprima-1.0.2.tgz#8039bf9ceac4d9d2c15f623264fb292b5502ceaf"

"esprima@>= 1.0.0", "esprima@~ 1.0.2":
  version "1.0.4"
  resolved "https://registry.yarnpkg.com/esprima/-/esprima-1.0.4.tgz#9f557e08fc3b4d26ece9dd34f8fbf476b62585ad"

esprima@~0.9.9:
  version "0.9.9"
  resolved "https://registry.yarnpkg.com/esprima/-/esprima-0.9.9.tgz#1b90925c975d632d7282939c3bb9c3a423c30490"

eventemitter2@~0.4.13:
  version "0.4.14"
  resolved "https://registry.yarnpkg.com/eventemitter2/-/eventemitter2-0.4.14.tgz#8f61b75cde012b2e9eb284d4545583b5643b61ab"

exit@~0.1.1:
  version "0.1.2"
  resolved "https://registry.yarnpkg.com/exit/-/exit-0.1.2.tgz#0632638f8d877cc82107d30a0fff1a17cba1cd0c"

express@~3.4.0:
  version "3.4.8"
  resolved "https://registry.yarnpkg.com/express/-/express-3.4.8.tgz#aa7a8986de07053337f4bc5ed9a6453d9cc8e2e1"
  dependencies:
    buffer-crc32 "0.2.1"
    commander "1.3.2"
    connect "2.12.0"
    cookie "0.1.0"
    cookie-signature "1.0.1"
    debug ">= 0.7.3 < 1"
    fresh "0.2.0"
    merge-descriptors "0.0.1"
    methods "0.1.0"
    mkdirp "0.3.5"
    range-parser "0.0.4"
    send "0.1.4"

faye-websocket@~0.4.3:
  version "0.4.4"
  resolved "https://registry.yarnpkg.com/faye-websocket/-/faye-websocket-0.4.4.tgz#c14c5b3bf14d7417ffbfd990c0a7495cd9f337bc"

findup-sync@~0.1.2:
  version "0.1.3"
  resolved "https://registry.yarnpkg.com/findup-sync/-/findup-sync-0.1.3.tgz#7f3e7a97b82392c653bf06589bd85190e93c3683"
  dependencies:
    glob "~3.2.9"
    lodash "~2.4.1"

fresh@0.2.0:
  version "0.2.0"
  resolved "https://registry.yarnpkg.com/fresh/-/fresh-0.2.0.tgz#bfd9402cf3df12c4a4c310c79f99a3dde13d34a7"

gaze@~0.4.0:
  version "0.4.3"
  resolved "https://registry.yarnpkg.com/gaze/-/gaze-0.4.3.tgz#e538f4ff5e4fe648f473a97e1ebb253d2de127b5"
  dependencies:
    globule "~0.1.0"

geolocation-stream@0.0.1:
  version "0.0.1"
  resolved "https://registry.yarnpkg.com/geolocation-stream/-/geolocation-stream-0.0.1.tgz#87cdda215342128bfd6beecae77875c454ea6557"

getobject@~0.1.0:
  version "0.1.0"
  resolved "https://registry.yarnpkg.com/getobject/-/getobject-0.1.0.tgz#047a449789fa160d018f5486ed91320b6ec7885c"

glob@3.2.3:
  version "3.2.3"
  resolved "https://registry.yarnpkg.com/glob/-/glob-3.2.3.tgz#e313eeb249c7affaa5c475286b0e115b59839467"
  dependencies:
    graceful-fs "~2.0.0"
    inherits "2"
    minimatch "~0.2.11"

glob@~3.1.21:
  version "3.1.21"
  resolved "https://registry.yarnpkg.com/glob/-/glob-3.1.21.tgz#d29e0a055dea5138f4d07ed40e8982e83c2066cd"
  dependencies:
    graceful-fs "~1.2.0"
    inherits "1"
    minimatch "~0.2.11"

glob@~3.2.9:
  version "3.2.11"
  resolved "https://registry.yarnpkg.com/glob/-/glob-3.2.11.tgz#4a973f635b9190f715d10987d5c00fd2815ebe3d"
  dependencies:
    inherits "2"
    minimatch "0.3"

globule@~0.1.0:
  version "0.1.0"
  resolved "https://registry.yarnpkg.com/globule/-/globule-0.1.0.tgz#d9c8edde1da79d125a151b79533b978676346ae5"
  dependencies:
    glob "~3.1.21"
    lodash "~1.0.1"
    minimatch "~0.2.11"

graceful-fs@~1.2.0:
  version "1.2.3"
  resolved "https://registry.yarnpkg.com/graceful-fs/-/graceful-fs-1.2.3.tgz#15a4806a57547cb2d2dbf27f42e89a8c3451b364"

graceful-fs@~2.0.0:
  version "2.0.3"
  resolved "https://registry.yarnpkg.com/graceful-fs/-/graceful-fs-2.0.3.tgz#7cd2cdb228a4a3f36e95efa6cc142de7d1a136d0"

growl@1.7.x:
  version "1.7.0"
  resolved "https://registry.yarnpkg.com/growl/-/growl-1.7.0.tgz#de2d66136d002e112ba70f3f10c31cf7c350b2da"

grunt-casper@~0.1.3:
  version "0.1.4"
  resolved "https://registry.yarnpkg.com/grunt-casper/-/grunt-casper-0.1.4.tgz#1c123c15997b9b4fa77324b8b4db5ea77f8e80c5"
  dependencies:
    grunt-lib-contrib "~0.4.0"

grunt-coffeeify@~0.1.3:
  version "0.1.3"
  resolved "https://registry.yarnpkg.com/grunt-coffeeify/-/grunt-coffeeify-0.1.3.tgz#97f602a5658e11e71218e2f8748f715fc43cfd75"
  dependencies:
    browserify "~2.11.0"
    coffee-script "~1.6.1"
    coffeeify "~0.4.0"
    when "~1.8.1"

grunt-contrib-watch@~0.5.3:
  version "0.5.3"
  resolved "https://registry.yarnpkg.com/grunt-contrib-watch/-/grunt-contrib-watch-0.5.3.tgz#7d9eb5465d506fa14faaca47e6e8790a82c1c9ee"
  dependencies:
    gaze "~0.4.0"
    tiny-lr "0.0.4"

grunt-legacy-log-utils@~0.1.1:
  version "0.1.1"
  resolved "https://registry.yarnpkg.com/grunt-legacy-log-utils/-/grunt-legacy-log-utils-0.1.1.tgz#c0706b9dd9064e116f36f23fe4e6b048672c0f7e"
  dependencies:
    colors "~0.6.2"
    lodash "~2.4.1"
    underscore.string "~2.3.3"

grunt-legacy-log@~0.1.0:
  version "0.1.3"
  resolved "https://registry.yarnpkg.com/grunt-legacy-log/-/grunt-legacy-log-0.1.3.tgz#ec29426e803021af59029f87d2f9cd7335a05531"
  dependencies:
    colors "~0.6.2"
    grunt-legacy-log-utils "~0.1.1"
    hooker "~0.2.3"
    lodash "~2.4.1"
    underscore.string "~2.3.3"

grunt-legacy-util@~0.2.0:
  version "0.2.0"
  resolved "https://registry.yarnpkg.com/grunt-legacy-util/-/grunt-legacy-util-0.2.0.tgz#93324884dbf7e37a9ff7c026dff451d94a9e554b"
  dependencies:
    async "~0.1.22"
    exit "~0.1.1"
    getobject "~0.1.0"
    hooker "~0.2.3"
    lodash "~0.9.2"
    underscore.string "~2.2.1"
    which "~1.0.5"

grunt-lib-contrib@~0.4.0:
  version "0.4.0"
  resolved "https://registry.yarnpkg.com/grunt-lib-contrib/-/grunt-lib-contrib-0.4.0.tgz#76883e30a2149b7fc940d00cff8ddc6b4a3342f9"

grunt@~0.4.1:
  version "0.4.5"
  resolved "https://registry.yarnpkg.com/grunt/-/grunt-0.4.5.tgz#56937cd5194324adff6d207631832a9d6ba4e7f0"
  dependencies:
    async "~0.1.22"
    coffee-script "~1.3.3"
    colors "~0.6.2"
    dateformat "1.0.2-1.2.3"
    eventemitter2 "~0.4.13"
    exit "~0.1.1"
    findup-sync "~0.1.2"
    getobject "~0.1.0"
    glob "~3.1.21"
    grunt-legacy-log "~0.1.0"
    grunt-legacy-util "~0.2.0"
    hooker "~0.2.3"
    iconv-lite "~0.2.11"
    js-yaml "~2.0.5"
    lodash "~0.9.2"
    minimatch "~0.2.12"
    nopt "~1.0.10"
    rimraf "~2.2.8"
    underscore.string "~2.2.1"
    which "~1.0.5"

hiredis@~0.5.0:
  version "0.5.0"
  resolved "https://registry.yarnpkg.com/hiredis/-/hiredis-0.5.0.tgz#db03a98becd7003d13c260043aceecfacdf59b87"
  dependencies:
    bindings "^1.2.1"
    nan "^2.3.4"

hooker@~0.2.3:
  version "0.2.3"
  resolved "https://registry.yarnpkg.com/hooker/-/hooker-0.2.3.tgz#b834f723cc4a242aa65963459df6d984c5d3d959"

http-browserify@0.1.11:
  version "0.1.11"
  resolved "https://registry.yarnpkg.com/http-browserify/-/http-browserify-0.1.11.tgz#ac83518d625ce3e26d16df3b49e65383c371804f"
  dependencies:
    concat-stream "0.0.8"

iconv-lite@~0.2.11:
  version "0.2.11"
  resolved "https://registry.yarnpkg.com/iconv-lite/-/iconv-lite-0.2.11.tgz#1ce60a3a57864a292d1321ff4609ca4bb965adc8"

inherits@1, inherits@~1.0.0:
  version "1.0.2"
  resolved "https://registry.yarnpkg.com/inherits/-/inherits-1.0.2.tgz#ca4309dadee6b54cc0b8d247e8d7c7a0975bdc9b"

inherits@2, inherits@~2.0.1:
  version "2.0.3"
  resolved "https://registry.yarnpkg.com/inherits/-/inherits-2.0.3.tgz#633c2c83e3da42a502f52466022480f4208261de"

inline-source-map@~0.2.1:
  version "0.2.5"
  resolved "https://registry.yarnpkg.com/inline-source-map/-/inline-source-map-0.2.5.tgz#242ff6c18b9fb0934f7a9e83c14219c61c131670"
  dependencies:
    source-map "~0.1.25"

insert-module-globals@~0.2.0:
  version "0.2.1"
  resolved "https://registry.yarnpkg.com/insert-module-globals/-/insert-module-globals-0.2.1.tgz#ff840bf96064033c7fae7e122aa248219034805e"
  dependencies:
    JSONStream "~0.4.3"
    commondir "~0.0.1"
    duplexer "~0.0.3"
    lexical-scope "~0.0.5"
    process "~0.5.1"
    through "~2.2.0"

is-mobile@~0.2.2:
  version "0.2.2"
  resolved "https://registry.yarnpkg.com/is-mobile/-/is-mobile-0.2.2.tgz#0e2e006d99ed2c2155b761df80f2a3619ae2ad9f"

isarray@0.0.1:
  version "0.0.1"
  resolved "https://registry.yarnpkg.com/isarray/-/isarray-0.0.1.tgz#8a18acfca9a8f4177e09abfc6038939b05d1eedf"

jade@0.26.3:
  version "0.26.3"
  resolved "https://registry.yarnpkg.com/jade/-/jade-0.26.3.tgz#8f10d7977d8d79f2f6ff862a81b0513ccb25686c"
  dependencies:
    commander "0.6.1"
    mkdirp "0.3.0"

js-yaml@~2.0.5:
  version "2.0.5"
  resolved "https://registry.yarnpkg.com/js-yaml/-/js-yaml-2.0.5.tgz#a25ae6509999e97df278c6719da11bd0687743a8"
  dependencies:
    argparse "~ 0.1.11"
    esprima "~ 1.0.2"

jsonparse@0.0.5:
  version "0.0.5"
  resolved "https://registry.yarnpkg.com/jsonparse/-/jsonparse-0.0.5.tgz#330542ad3f0a654665b778f3eb2d9a9fa507ac64"

keypress@0.1.x:
  version "0.1.0"
  resolved "https://registry.yarnpkg.com/keypress/-/keypress-0.1.0.tgz#4a3188d4291b66b4f65edb99f806aa9ae293592a"

leaflet@1.0.2:
  version "1.0.2"
  resolved "https://registry.yarnpkg.com/leaflet/-/leaflet-1.0.2.tgz#fa4fbcb7844944fc2bfb0bcf9ca0dea13463ca21"

lexical-scope@~0.0.5:
  version "0.0.15"
  resolved "https://registry.yarnpkg.com/lexical-scope/-/lexical-scope-0.0.15.tgz#ca595997aaed87b155cb041f48dc0438f48a04dc"
  dependencies:
    astw "~0.0.0"

lodash@~0.9.2:
  version "0.9.2"
  resolved "https://registry.yarnpkg.com/lodash/-/lodash-0.9.2.tgz#8f3499c5245d346d682e5b0d3b40767e09f1a92c"

lodash@~1.0.1:
  version "1.0.2"
  resolved "https://registry.yarnpkg.com/lodash/-/lodash-1.0.2.tgz#8f57560c83b59fc270bd3d561b690043430e2551"

lodash@~2.4.1:
  version "2.4.2"
  resolved "https://registry.yarnpkg.com/lodash/-/lodash-2.4.2.tgz#fadd834b9683073da179b3eae6d9c0d15053f73e"

lru-cache@2:
  version "2.7.3"
  resolved "https://registry.yarnpkg.com/lru-cache/-/lru-cache-2.7.3.tgz#6d4524e8b955f95d4f5b58851ce21dd72fb4e952"

mapbox.js@~3.1.0:
  version "3.1.0"
  resolved "https://registry.yarnpkg.com/mapbox.js/-/mapbox.js-3.1.0.tgz#a8c055b6dec35fb6288354dde1f8a5ec5f8208a6"
  dependencies:
    corslite "0.0.6"
    isarray "0.0.1"
    leaflet "1.0.2"
    mustache "2.2.1"
    sanitize-caja "0.1.4"

merge-descriptors@0.0.1:
  version "0.0.1"
  resolved "https://registry.yarnpkg.com/merge-descriptors/-/merge-descriptors-0.0.1.tgz#2ff0980c924cf81d0b5d1fb601177cb8bb56c0d0"

merge@~1.1.2:
  version "1.1.3"
  resolved "https://registry.yarnpkg.com/merge/-/merge-1.1.3.tgz#4a53fbb5f582a3b6448ea6d7225c33f4a59b7abe"

methods@0.1.0:
  version "0.1.0"
  resolved "https://registry.yarnpkg.com/methods/-/methods-0.1.0.tgz#335d429eefd21b7bacf2e9c922a8d2bd14a30e4f"

mime@~1.2.9:
  version "1.2.11"
  resolved "https://registry.yarnpkg.com/mime/-/mime-1.2.11.tgz#58203eed86e3a5ef17aed2b7d9ebd47f0a60dd10"

minimatch@0.3:
  version "0.3.0"
  resolved "https://registry.yarnpkg.com/minimatch/-/minimatch-0.3.0.tgz#275d8edaac4f1bb3326472089e7949c8394699dd"
  dependencies:
    lru-cache "2"
    sigmund "~1.0.0"

minimatch@~0.2.11, minimatch@~0.2.12:
  version "0.2.14"
  resolved "https://registry.yarnpkg.com/minimatch/-/minimatch-0.2.14.tgz#c74e780574f63c6f9a090e90efbe6ef53a6a756a"
  dependencies:
    lru-cache "2"
    sigmund "~1.0.0"

mkdirp@0.3.0:
  version "0.3.0"
  resolved "https://registry.yarnpkg.com/mkdirp/-/mkdirp-0.3.0.tgz#1bbf5ab1ba827af23575143490426455f481fe1e"

mkdirp@0.3.5:
  version "0.3.5"
  resolved "https://registry.yarnpkg.com/mkdirp/-/mkdirp-0.3.5.tgz#de3e5f8961c88c787ee1368df849ac4413eca8d7"

mocha@~1.13.0:
  version "1.13.0"
  resolved "https://registry.yarnpkg.com/mocha/-/mocha-1.13.0.tgz#8d8fa4e310b94cc6efeb3ed26aeca96dea93307c"
  dependencies:
    commander "0.6.1"
    debug "*"
    diff "1.0.7"
    glob "3.2.3"
    growl "1.7.x"
    jade "0.26.3"
    mkdirp "0.3.5"

module-deps@~0.6.0:
  version "0.6.2"
  resolved "https://registry.yarnpkg.com/module-deps/-/module-deps-0.6.2.tgz#0aa5413e90858bfea3da3e0ac09b028f78989c27"
  dependencies:
    JSONStream "~0.4.3"
    browser-resolve "~0.1.0"
    concat-stream "~0.1.1"
    detective "~2.1.1"
    resolve "~0.3.0"
    through "~2.2.0"

ms@0.7.3:
  version "0.7.3"
  resolved "https://registry.yarnpkg.com/ms/-/ms-0.7.3.tgz#708155a5e44e33f5fd0fc53e81d0d40a91be1fff"

multiparty@2.2.0:
  version "2.2.0"
  resolved "https://registry.yarnpkg.com/multiparty/-/multiparty-2.2.0.tgz#a567c2af000ad22dc8f2a653d91978ae1f5316f4"
  dependencies:
    readable-stream "~1.1.9"
    stream-counter "~0.2.0"

mustache@2.2.1:
  version "2.2.1"
  resolved "https://registry.yarnpkg.com/mustache/-/mustache-2.2.1.tgz#2c40ca21c278f53150682bcf9090e41a3339b876"

nan@^2.3.4:
  version "2.6.2"
  resolved "https://registry.yarnpkg.com/nan/-/nan-2.6.2.tgz#e4ff34e6c95fdfb5aecc08de6596f43605a7db45"

nan@~1.0.0:
  version "1.0.0"
  resolved "https://registry.yarnpkg.com/nan/-/nan-1.0.0.tgz#ae24f8850818d662fcab5acf7f3b95bfaa2ccf38"

negotiator@0.3.0:
  version "0.3.0"
  resolved "https://registry.yarnpkg.com/negotiator/-/negotiator-0.3.0.tgz#706d692efeddf574d57ea9fb1ab89a4fa7ee8f60"

node-uuid@~1.4.1:
  version "1.4.8"
  resolved "https://registry.yarnpkg.com/node-uuid/-/node-uuid-1.4.8.tgz#b040eb0923968afabf8d32fb1f17f1167fdab907"

nopt@~1.0.10:
  version "1.0.10"
  resolved "https://registry.yarnpkg.com/nopt/-/nopt-1.0.10.tgz#6ddd21bd2a31417b92727dd585f8a6f37608ebee"
  dependencies:
    abbrev "1"

nopt@~2.0.0:
  version "2.0.0"
  resolved "https://registry.yarnpkg.com/nopt/-/nopt-2.0.0.tgz#ca7416f20a5e3f9c3b86180f96295fa3d0b52e0d"
  dependencies:
    abbrev "1"

noptify@latest:
  version "0.0.3"
  resolved "https://registry.yarnpkg.com/noptify/-/noptify-0.0.3.tgz#58f654a73d9753df0c51d9686dc92104a67f4bbb"
  dependencies:
    nopt "~2.0.0"

optimist@~0.3.5:
  version "0.3.7"
  resolved "https://registry.yarnpkg.com/optimist/-/optimist-0.3.7.tgz#c90941ad59e4273328923074d2cf2e7cbc6ec0d9"
  dependencies:
    wordwrap "~0.0.2"

options@>=0.0.5:
  version "0.0.6"
  resolved "https://registry.yarnpkg.com/options/-/options-0.0.6.tgz#ec22d312806bb53e731773e7cdaefcf1c643128f"

parse-base64vlq-mappings@~0.1.1:
  version "0.1.4"
  resolved "https://registry.yarnpkg.com/parse-base64vlq-mappings/-/parse-base64vlq-mappings-0.1.4.tgz#fcf5ddded39a010df8e3dc609c86ed01017dfa98"

pause@0.0.1:
  version "0.0.1"
  resolved "https://registry.yarnpkg.com/pause/-/pause-0.0.1.tgz#1d408b3fdb76923b9543d96fb4c9dfd535d9cb5d"

process@~0.5.1:
  version "0.5.2"
  resolved "https://registry.yarnpkg.com/process/-/process-0.5.2.tgz#1638d8a8e34c2f440a91db95ab9aeb677fc185cf"

qs@0.6.6:
  version "0.6.6"
  resolved "https://registry.yarnpkg.com/qs/-/qs-0.6.6.tgz#6e015098ff51968b8a3c819001d5f2c89bc4b107"

qs@~0.5.2:
  version "0.5.6"
  resolved "https://registry.yarnpkg.com/qs/-/qs-0.5.6.tgz#31b1ad058567651c526921506b9a8793911a0384"

range-parser@0.0.4:
  version "0.0.4"
  resolved "https://registry.yarnpkg.com/range-parser/-/range-parser-0.0.4.tgz#c0427ffef51c10acba0782a46c9602e744ff620b"

raw-body@1.1.2:
  version "1.1.2"
  resolved "https://registry.yarnpkg.com/raw-body/-/raw-body-1.1.2.tgz#c74b3004dea5defd1696171106ac740ec31d62be"
  dependencies:
    bytes "~0.2.1"

readable-stream@~1.1.8, readable-stream@~1.1.9:
  version "1.1.14"
  resolved "https://registry.yarnpkg.com/readable-stream/-/readable-stream-1.1.14.tgz#7cf4c54ef648e3813084c636dd2079e166c081d9"
  dependencies:
    core-util-is "~1.0.0"
    inherits "~2.0.1"
    isarray "0.0.1"
    string_decoder "~0.10.x"

redis-commands@^1.2.0:
  version "1.3.1"
  resolved "https://registry.yarnpkg.com/redis-commands/-/redis-commands-1.3.1.tgz#81d826f45fa9c8b2011f4cd7a0fe597d241d442b"

redis-parser@^2.5.0:
  version "2.6.0"
  resolved "https://registry.yarnpkg.com/redis-parser/-/redis-parser-2.6.0.tgz#52ed09dacac108f1a631c07e9b69941e7a19504b"

redis@~2.7.1:
  version "2.7.1"
  resolved "https://registry.yarnpkg.com/redis/-/redis-2.7.1.tgz#7d56f7875b98b20410b71539f1d878ed58ebf46a"
  dependencies:
    double-ended-queue "^2.1.0-0"
    redis-commands "^1.2.0"
    redis-parser "^2.5.0"

resolve@0.3.1, resolve@~0.3.0:
  version "0.3.1"
  resolved "https://registry.yarnpkg.com/resolve/-/resolve-0.3.1.tgz#34c63447c664c70598d1c9b126fc43b2a24310a4"

rfile@~1.0, rfile@~1.0.0:
  version "1.0.0"
  resolved "https://registry.yarnpkg.com/rfile/-/rfile-1.0.0.tgz#59708cf90ca1e74c54c3cfc5c36fdb9810435261"
  dependencies:
    callsite "~1.0.0"
    resolve "~0.3.0"

rimraf@~2.2.8:
  version "2.2.8"
  resolved "https://registry.yarnpkg.com/rimraf/-/rimraf-2.2.8.tgz#e439be2aaee327321952730f99a8929e4fc50582"

ruglify@~1.0.0:
  version "1.0.0"
  resolved "https://registry.yarnpkg.com/ruglify/-/ruglify-1.0.0.tgz#dc8930e2a9544a274301cc9972574c0d0986b675"
  dependencies:
    rfile "~1.0"
    uglify-js "~2.2"

sanitize-caja@0.1.4:
  version "0.1.4"
  resolved "https://registry.yarnpkg.com/sanitize-caja/-/sanitize-caja-0.1.4.tgz#7803e8e452b8e3bacb342dbd93adb885acd078af"

send@0.1.4:
  version "0.1.4"
  resolved "https://registry.yarnpkg.com/send/-/send-0.1.4.tgz#be70d8d1be01de61821af13780b50345a4f71abd"
  dependencies:
    debug "*"
    fresh "0.2.0"
    mime "~1.2.9"
    range-parser "0.0.4"

shell-quote@~0.0.1:
  version "0.0.1"
  resolved "https://registry.yarnpkg.com/shell-quote/-/shell-quote-0.0.1.tgz#1a41196f3c0333c482323593d6886ecf153dd986"

sigmund@~1.0.0:
  version "1.0.1"
  resolved "https://registry.yarnpkg.com/sigmund/-/sigmund-1.0.1.tgz#3ff21f198cad2175f9f3b781853fd94d0d19b590"

"source-map@>= 0.1.2", source-map@~0.1.25, source-map@~0.1.7:
  version "0.1.43"
  resolved "https://registry.yarnpkg.com/source-map/-/source-map-0.1.43.tgz#c24bc146ca517c1471f5dacbe2571b2b7f9e3346"
  dependencies:
    amdefine ">=0.0.4"

stream-counter@~0.2.0:
  version "0.2.0"
  resolved "https://registry.yarnpkg.com/stream-counter/-/stream-counter-0.2.0.tgz#ded266556319c8b0e222812b9cf3b26fa7d947de"
  dependencies:
    readable-stream "~1.1.8"

string_decoder@~0.10.x:
  version "0.10.31"
  resolved "https://registry.yarnpkg.com/string_decoder/-/string_decoder-0.10.31.tgz#62e203bc41766c6c28c9fc84301dab1c5310fa94"

syntax-error@~0.0.0:
  version "0.0.1"
  resolved "https://registry.yarnpkg.com/syntax-error/-/syntax-error-0.0.1.tgz#019d075348cd8c5b79f0603c73e53891a7c5235d"
  dependencies:
    esprima "~0.9.9"

through@~2.2.0:
  version "2.2.7"
  resolved "https://registry.yarnpkg.com/through/-/through-2.2.7.tgz#6e8e21200191d4eb6a99f6f010df46aa1c6eb2bd"

through@~2.3.1:
  version "2.3.8"
  resolved "https://registry.yarnpkg.com/through/-/through-2.3.8.tgz#0dd4c9ffaabc357960b1b724115d7e0e86a2e1f5"

tiny-lr@0.0.4:
  version "0.0.4"
  resolved "https://registry.yarnpkg.com/tiny-lr/-/tiny-lr-0.0.4.tgz#80618547f63f697d05cb40c4c2c4b083521aefb6"
  dependencies:
    debug "~0.7.0"
    faye-websocket "~0.4.3"
    noptify latest
    qs "~0.5.2"

tinycolor@0.x:
  version "0.0.1"
  resolved "https://registry.yarnpkg.com/tinycolor/-/tinycolor-0.0.1.tgz#320b5a52d83abb5978d81a3e887d4aefb15a6164"

uglify-js@1.3.4:
  version "1.3.4"
  resolved "https://registry.yarnpkg.com/uglify-js/-/uglify-js-1.3.4.tgz#282cec40db568798e0ec6d71d0c989d323f0636b"

uglify-js@~2.2, uglify-js@~2.2.5:
  version "2.2.5"
  resolved "https://registry.yarnpkg.com/uglify-js/-/uglify-js-2.2.5.tgz#a6e02a70d839792b9780488b7b8b184c095c99c7"
  dependencies:
    optimist "~0.3.5"
    source-map "~0.1.7"

uid2@0.0.3:
  version "0.0.3"
  resolved "https://registry.yarnpkg.com/uid2/-/uid2-0.0.3.tgz#483126e11774df2f71b8b639dcd799c376162b82"

umd@~1.1.0:
  version "1.1.1"
  resolved "https://registry.yarnpkg.com/umd/-/umd-1.1.1.tgz#481b64655b1b3db0c1f3910225c3804fc6d7ec58"
  dependencies:
    rfile "~1.0.0"
    ruglify "~1.0.0"
    through "~2.3.1"
    uglify-js "~2.2.5"

underscore.string@~2.2.1:
  version "2.2.1"
  resolved "https://registry.yarnpkg.com/underscore.string/-/underscore.string-2.2.1.tgz#d7c0fa2af5d5a1a67f4253daee98132e733f0f19"

underscore.string@~2.3.3:
  version "2.3.3"
  resolved "https://registry.yarnpkg.com/underscore.string/-/underscore.string-2.3.3.tgz#71c08bf6b428b1133f37e78fa3a21c82f7329b0d"

underscore.string@~2.4.0:
  version "2.4.0"
  resolved "https://registry.yarnpkg.com/underscore.string/-/underscore.string-2.4.0.tgz#8cdd8fbac4e2d2ea1e7e2e8097c42f442280f85b"

underscore@~1.7.0:
  version "1.7.0"
  resolved "https://registry.yarnpkg.com/underscore/-/underscore-1.7.0.tgz#6bbaf0877500d36be34ecaa584e0db9fef035209"

vm-browserify@0.0.1:
  version "0.0.1"
  resolved "https://registry.yarnpkg.com/vm-browserify/-/vm-browserify-0.0.1.tgz#51d25979366ab219dfe35a3fc65ecd6af3631d54"

when@~1.8.1:
  version "1.8.1"
  resolved "https://registry.yarnpkg.com/when/-/when-1.8.1.tgz#ec76f6485ef561cb2bf3fa7fa45006b34dae4f83"

which@~1.0.5:
  version "1.0.9"
  resolved "https://registry.yarnpkg.com/which/-/which-1.0.9.tgz#460c1da0f810103d0321a9b633af9e575e64486f"

wordwrap@~0.0.2:
  version "0.0.3"
  resolved "https://registry.yarnpkg.com/wordwrap/-/wordwrap-0.0.3.tgz#a3d5da6cd5c0bc0008d37234bbaf1bed63059107"

ws@~0.4.31:
  version "0.4.32"
  resolved "https://registry.yarnpkg.com/ws/-/ws-0.4.32.tgz#787a6154414f3c99ed83c5772153b20feb0cec32"
  dependencies:
    commander "~2.1.0"
    nan "~1.0.0"
    options ">=0.0.5"
    tinycolor "0.x"

zlib-browserify@0.0.1:
  version "0.0.1"
  resolved "https://registry.yarnpkg.com/zlib-browserify/-/zlib-browserify-0.0.1.tgz#4fa6a45d00dbc15f318a4afa1d9afc0258e176cc"
